
Microsoft Visual Studio Solution File, Format Version 12.00
# Visual Studio 15
VisualStudioVersion = 15.0.27703.2042
MinimumVisualStudioVersion = 10.0.40219.1
Project("{FAE04EC0-301F-11D3-BF4B-00C04F79EFBC}") = "LinkedList", "LinkedList\LinkedList.csproj", "{FE7A4722-5716-43B9-A833-BE513B9B3EDD}"
EndProject
Global
	GlobalSection(SolutionConfigurationPlatforms) = preSolution
		Debug|Any CPU = Debug|Any CPU
		Release|Any CPU = Release|Any CPU
	EndGlobalSection
	GlobalSection(ProjectConfigurationPlatforms) = postSolution
		{FE7A4722-5716-43B9-A833-BE513B9B3EDD}.Debug|Any CPU.ActiveCfg = Debug|Any CPU
		{FE7A4722-5716-43B9-A833-BE513B9B3EDD}.Debug|Any CPU.Build.0 = Debug|Any CPU
		{FE7A4722-5716-43B9-A833-BE513B9B3EDD}.Release|Any CPU.ActiveCfg = Release|Any CPU
		{FE7A4722-5716-43B9-A833-BE513B9B3EDD}.Release|Any CPU.Build.0 = Release|Any CPU
	EndGlobalSection
	GlobalSection(SolutionProperties) = preSolution
		HideSolutionNode = FALSE
	EndGlobalSection
	GlobalSection(ExtensibilityGlobals) = postSolution
		SolutionGuid = {176EBB07-6B97-4C4B-BCC9-6D014EA204F6}
	EndGlobalSection
EndGlobal
